<?xml version="1.0" encoding="UTF-8" standalone="yes" ?>
<CodeBlocks_project_file>
	<FileVersion major="1" minor="6" />
	<Project>
		<Option title="MusicReader" />
		<Option pch_mode="2" />
		<Option compiler="gcc" />
		<Build>
			<Target title="Debug">
				<Option output="bin/Debug/MusicReader" prefix_auto="1" extension_auto="1" />
				<Option object_output="obj/Debug/" />
				<Option type="1" />
				<Option compiler="gcc" />
				<Compiler>
					<Add option="-g" />
				</Compiler>
				<Linker>
					<Add library="../../../../../../../../../usr/local/lib/libsndfile.so" />
				</Linker>
			</Target>
			<Target title="Release">
				<Option output="bin/Release/MusicReader" prefix_auto="1" extension_auto="1" />
				<Option object_output="obj/Release/" />
				<Option type="1" />
				<Option compiler="gcc" />
				<Compiler>
					<Add option="-O2" />
					<Add directory="../../../../../../../../../usr/include" />
					<Add directory="../../../../../../../../../usr/local/dislin" />
				</Compiler>
				<Linker>
					<Add option="-s" />
					<Add option="-lfftw3" />
					<Add library="../../../../../../../../../usr/local/lib/libsndfile.so" />
					<Add library="../../../../../../../../../usr/local/lib/libfftw3.a" />
					<Add library="../../../../../../../../../usr/local/dislin/libdiscpp.so" />
					<Add directory="../../../../../../../../../usr/local/dislin" />
				</Linker>
			</Target>
		</Build>
		<Compiler>
			<Add option="-Wall" />
			<Add option="-fexceptions" />
		</Compiler>
		<Unit filename="Header/audioalgo.h" />
		<Unit filename="Header/filter.h" />
		<Unit filename="Header/plotfile.h" />
		<Unit filename="Header/wavfile.h" />
		<Unit filename="Sources/audioalgo.cpp" />
		<Unit filename="Sources/filter.cpp" />
		<Unit filename="Sources/plotfile.cpp" />
		<Unit filename="Sources/wavfile.cpp" />
		<Unit filename="main.cpp" />
		<Extensions>
			<envvars />
			<code_completion />
			<debugger />
			<lib_finder disable_auto="1" />
		</Extensions>
	</Project>
</CodeBlocks_project_file>
